
Microsoft Visual Studio Solution File, Format Version 12.00
# Visual Studio Version 17
VisualStudioVersion = 17.9.34723.18
MinimumVisualStudioVersion = 10.0.40219.1
Project("{9A19103F-16F7-4668-BE54-9A1E7A4F7556}") = "MediCare", "MediCare.csproj", "{80164995-A46F-4444-8E22-3C1376AE8736}"
EndProject
Global
	GlobalSection(SolutionConfigurationPlatforms) = preSolution
		Debug|Any CPU = Debug|Any CPU
		Release|Any CPU = Release|Any CPU
	EndGlobalSection
	GlobalSection(ProjectConfigurationPlatforms) = postSolution
		{80164995-A46F-4444-8E22-3C1376AE8736}.Debug|Any CPU.ActiveCfg = Debug|Any CPU
		{80164995-A46F-4444-8E22-3C1376AE8736}.Debug|Any CPU.Build.0 = Debug|Any CPU
		{80164995-A46F-4444-8E22-3C1376AE8736}.Release|Any CPU.ActiveCfg = Release|Any CPU
		{80164995-A46F-4444-8E22-3C1376AE8736}.Release|Any CPU.Build.0 = Release|Any CPU
	EndGlobalSection
	GlobalSection(SolutionProperties) = preSolution
		HideSolutionNode = FALSE
	EndGlobalSection
	GlobalSection(ExtensibilityGlobals) = postSolution
		SolutionGuid = {66F12DE4-6867-4552-A00A-FD028498FC8D}
	EndGlobalSection
EndGlobal
